
Microsoft Visual Studio Solution File, Format Version 12.00
# Visual Studio Version 17
VisualStudioVersion = 17.6.33815.320
MinimumVisualStudioVersion = 10.0.40219.1
Project("{FAE04EC0-301F-11D3-BF4B-00C04F79EFBC}") = "PruebaTecnica.Arboles", "PruebaTecnica.Arboles\PruebaTecnica.Arboles.csproj", "{669014F1-6040-403F-96B9-4A00C8390EB5}"
EndProject
Project("{FAE04EC0-301F-11D3-BF4B-00C04F79EFBC}") = "PruebaTecnica.SalidaArboles", "PruebaTecnica.SalidaArboles\PruebaTecnica.SalidaArboles.csproj", "{402BC98D-838E-4D63-8373-B5051A25508A}"
EndProject
Global
	GlobalSection(SolutionConfigurationPlatforms) = preSolution
		Debug|Any CPU = Debug|Any CPU
		Release|Any CPU = Release|Any CPU
	EndGlobalSection
	GlobalSection(ProjectConfigurationPlatforms) = postSolution
		{669014F1-6040-403F-96B9-4A00C8390EB5}.Debug|Any CPU.ActiveCfg = Debug|Any CPU
		{669014F1-6040-403F-96B9-4A00C8390EB5}.Debug|Any CPU.Build.0 = Debug|Any CPU
		{669014F1-6040-403F-96B9-4A00C8390EB5}.Release|Any CPU.ActiveCfg = Release|Any CPU
		{669014F1-6040-403F-96B9-4A00C8390EB5}.Release|Any CPU.Build.0 = Release|Any CPU
		{402BC98D-838E-4D63-8373-B5051A25508A}.Debug|Any CPU.ActiveCfg = Debug|Any CPU
		{402BC98D-838E-4D63-8373-B5051A25508A}.Debug|Any CPU.Build.0 = Debug|Any CPU
		{402BC98D-838E-4D63-8373-B5051A25508A}.Release|Any CPU.ActiveCfg = Release|Any CPU
		{402BC98D-838E-4D63-8373-B5051A25508A}.Release|Any CPU.Build.0 = Release|Any CPU
	EndGlobalSection
	GlobalSection(SolutionProperties) = preSolution
		HideSolutionNode = FALSE
	EndGlobalSection
	GlobalSection(ExtensibilityGlobals) = postSolution
		SolutionGuid = {88A56AB1-6679-493F-876A-AF3C4F58172D}
	EndGlobalSection
EndGlobal
